// !$*UTF8*$!
{
	archiveVersion = 1;
	classes = {
	};
	objectVersion = 46;
	objects = {

/* Begin PBXBuildFile section */
		6601F8101E775DFD001D8021 /* Myriad-Pro-Condensed_31633.ttf in Resources */ = {isa = PBXBuildFile; fileRef = 6601F80E1E775DFD001D8021 /* Myriad-Pro-Condensed_31633.ttf */; };
		6601F8111E775DFD001D8021 /* Myriad-Pro-Semibold_31650.ttf in Resources */ = {isa = PBXBuildFile; fileRef = 6601F80F1E775DFD001D8021 /* Myriad-Pro-Semibold_31650.ttf */; };
		6601F8121E775E03001D8021 /* Myriad-Pro-Condensed_31633.ttf in Sources */ = {isa = PBXBuildFile; fileRef = 6601F80E1E775DFD001D8021 /* Myriad-Pro-Condensed_31633.ttf */; };
		6601F8131E775E03001D8021 /* Myriad-Pro-Semibold_31650.ttf in Sources */ = {isa = PBXBuildFile; fileRef = 6601F80F1E775DFD001D8021 /* Myriad-Pro-Semibold_31650.ttf */; };
		6601F8151E775F92001D8021 /* MyriadPro-BoldCond.otf in Resources */ = {isa = PBXBuildFile; fileRef = 6601F8141E775F92001D8021 /* MyriadPro-BoldCond.otf */; };
		6601F8161E775F9D001D8021 /* MyriadPro-BoldCond.otf in Sources */ = {isa = PBXBuildFile; fileRef = 6601F8141E775F92001D8021 /* MyriadPro-BoldCond.otf */; };
		6613EB7B1E675146004AB944 /* NavController.swift in Sources */ = {isa = PBXBuildFile; fileRef = 6613EB7A1E675146004AB944 /* NavController.swift */; };
		6613EB7F1E678AAA004AB944 /* soccerball.png in Resources */ = {isa = PBXBuildFile; fileRef = 6613EB7E1E678AAA004AB944 /* soccerball.png */; };
		6617ED401E5E52790063A7C4 /* SignUpLogInVC.swift in Sources */ = {isa = PBXBuildFile; fileRef = 6617ED3F1E5E52790063A7C4 /* SignUpLogInVC.swift */; };
		6617ED421E5E536C0063A7C4 /* LabelCustomSpacing.swift in Sources */ = {isa = PBXBuildFile; fileRef = 6617ED411E5E536C0063A7C4 /* LabelCustomSpacing.swift */; };
		6617ED441E5E56060063A7C4 /* UIExtensions.swift in Sources */ = {isa = PBXBuildFile; fileRef = 6617ED431E5E56060063A7C4 /* UIExtensions.swift */; };
		6617ED831E5E57580063A7C4 /* bg.png in Resources */ = {isa = PBXBuildFile; fileRef = 6617ED471E5E57580063A7C4 /* bg.png */; };
		6617ED841E5E57580063A7C4 /* bg@2x.png in Resources */ = {isa = PBXBuildFile; fileRef = 6617ED481E5E57580063A7C4 /* bg@2x.png */; };
		6617ED851E5E57580063A7C4 /* bg@3x.png in Resources */ = {isa = PBXBuildFile; fileRef = 6617ED491E5E57580063A7C4 /* bg@3x.png */; };
		6617ED861E5E57580063A7C4 /* bg1.png in Resources */ = {isa = PBXBuildFile; fileRef = 6617ED4A1E5E57580063A7C4 /* bg1.png */; };
		6617ED871E5E57580063A7C4 /* bg1@2x.png in Resources */ = {isa = PBXBuildFile; fileRef = 6617ED4B1E5E57580063A7C4 /* bg1@2x.png */; };
		6617ED881E5E57580063A7C4 /* bg1@3x.png in Resources */ = {isa = PBXBuildFile; fileRef = 6617ED4C1E5E57580063A7C4 /* bg1@3x.png */; };
		6617ED891E5E57580063A7C4 /* Default-568h@2x.png in Resources */ = {isa = PBXBuildFile; fileRef = 6617ED4D1E5E57580063A7C4 /* Default-568h@2x.png */; };
		6617ED8A1E5E57580063A7C4 /* Default.png in Resources */ = {isa = PBXBuildFile; fileRef = 6617ED4E1E5E57580063A7C4 /* Default.png */; };
		6617ED8B1E5E57580063A7C4 /* Default@2x.png in Resources */ = {isa = PBXBuildFile; fileRef = 6617ED4F1E5E57580063A7C4 /* Default@2x.png */; };
		6617ED8C1E5E57580063A7C4 /* ico-add-user.png in Resources */ = {isa = PBXBuildFile; fileRef = 6617ED501E5E57580063A7C4 /* ico-add-user.png */; };
		6617ED8D1E5E57580063A7C4 /* ico-camera.png in Resources */ = {isa = PBXBuildFile; fileRef = 6617ED511E5E57580063A7C4 /* ico-camera.png */; };
		6617ED8E1E5E57580063A7C4 /* ico-challenge.png in Resources */ = {isa = PBXBuildFile; fileRef = 6617ED521E5E57580063A7C4 /* ico-challenge.png */; };
		6617ED8F1E5E57580063A7C4 /* ico-check.png in Resources */ = {isa = PBXBuildFile; fileRef = 6617ED531E5E57580063A7C4 /* ico-check.png */; };
		6617ED901E5E57580063A7C4 /* ico-comment.png in Resources */ = {isa = PBXBuildFile; fileRef = 6617ED541E5E57580063A7C4 /* ico-comment.png */; };
		6617ED911E5E57580063A7C4 /* ico-football.png in Resources */ = {isa = PBXBuildFile; fileRef = 6617ED551E5E57580063A7C4 /* ico-football.png */; };
		6617ED921E5E57580063A7C4 /* ico-friends.png in Resources */ = {isa = PBXBuildFile; fileRef = 6617ED561E5E57580063A7C4 /* ico-friends.png */; };
		6617ED931E5E57580063A7C4 /* ico-heart.png in Resources */ = {isa = PBXBuildFile; fileRef = 6617ED571E5E57580063A7C4 /* ico-heart.png */; };
		6617ED941E5E57580063A7C4 /* ico-lock.png in Resources */ = {isa = PBXBuildFile; fileRef = 6617ED581E5E57580063A7C4 /* ico-lock.png */; };
		6617ED951E5E57580063A7C4 /* ico-menu.png in Resources */ = {isa = PBXBuildFile; fileRef = 6617ED591E5E57580063A7C4 /* ico-menu.png */; };
		6617ED961E5E57580063A7C4 /* ico-path.png in Resources */ = {isa = PBXBuildFile; fileRef = 6617ED5A1E5E57580063A7C4 /* ico-path.png */; };
		6617ED971E5E57580063A7C4 /* ico-pathway.png in Resources */ = {isa = PBXBuildFile; fileRef = 6617ED5B1E5E57580063A7C4 /* ico-pathway.png */; };
		6617ED981E5E57580063A7C4 /* ico-play.png in Resources */ = {isa = PBXBuildFile; fileRef = 6617ED5C1E5E57580063A7C4 /* ico-play.png */; };
		6617ED991E5E57580063A7C4 /* ico-play2.png in Resources */ = {isa = PBXBuildFile; fileRef = 6617ED5D1E5E57580063A7C4 /* ico-play2.png */; };
		6617ED9A1E5E57580063A7C4 /* ico-search.png in Resources */ = {isa = PBXBuildFile; fileRef = 6617ED5E1E5E57580063A7C4 /* ico-search.png */; };
		6617ED9B1E5E57580063A7C4 /* ico-share.png in Resources */ = {isa = PBXBuildFile; fileRef = 6617ED5F1E5E57580063A7C4 /* ico-share.png */; };
		6617ED9C1E5E57580063A7C4 /* ico-teams.png in Resources */ = {isa = PBXBuildFile; fileRef = 6617ED601E5E57580063A7C4 /* ico-teams.png */; };
		6617ED9D1E5E57580063A7C4 /* ico-training.png in Resources */ = {isa = PBXBuildFile; fileRef = 6617ED611E5E57580063A7C4 /* ico-training.png */; };
		6617ED9E1E5E57580063A7C4 /* ico-trophy.png in Resources */ = {isa = PBXBuildFile; fileRef = 6617ED621E5E57580063A7C4 /* ico-trophy.png */; };
		6617ED9F1E5E57580063A7C4 /* ico-user.png in Resources */ = {isa = PBXBuildFile; fileRef = 6617ED631E5E57580063A7C4 /* ico-user.png */; };
		6617EDAD1E5E57580063A7C4 /* LaunchScreen.storyboard in Resources */ = {isa = PBXBuildFile; fileRef = 6617ED711E5E57580063A7C4 /* LaunchScreen.storyboard */; };
		6617EDAE1E5E57580063A7C4 /* NoFlashButton.png in Resources */ = {isa = PBXBuildFile; fileRef = 6617ED721E5E57580063A7C4 /* NoFlashButton.png */; };
		6617EDAF1E5E57580063A7C4 /* off.png in Resources */ = {isa = PBXBuildFile; fileRef = 6617ED731E5E57580063A7C4 /* off.png */; };
		6617EDB01E5E57580063A7C4 /* on.png in Resources */ = {isa = PBXBuildFile; fileRef = 6617ED741E5E57580063A7C4 /* on.png */; };
		6617EDB11E5E57580063A7C4 /* Splash-320.png in Resources */ = {isa = PBXBuildFile; fileRef = 6617ED751E5E57580063A7C4 /* Splash-320.png */; };
		6617EDB21E5E57580063A7C4 /* Splash-640.png in Resources */ = {isa = PBXBuildFile; fileRef = 6617ED761E5E57580063A7C4 /* Splash-640.png */; };
		6617EDB31E5E57580063A7C4 /* Splash-640x1136.png in Resources */ = {isa = PBXBuildFile; fileRef = 6617ED771E5E57580063A7C4 /* Splash-640x1136.png */; };
		6617EDB41E5E57580063A7C4 /* Spotlight-29.png in Resources */ = {isa = PBXBuildFile; fileRef = 6617ED781E5E57580063A7C4 /* Spotlight-29.png */; };
		6617EDB51E5E57580063A7C4 /* Spotlight-40.png in Resources */ = {isa = PBXBuildFile; fileRef = 6617ED791E5E57580063A7C4 /* Spotlight-40.png */; };
		6617EDB61E5E57580063A7C4 /* Spotlight-50.png in Resources */ = {isa = PBXBuildFile; fileRef = 6617ED7A1E5E57580063A7C4 /* Spotlight-50.png */; };
		6617EDB71E5E57580063A7C4 /* Spotlight-58.png in Resources */ = {isa = PBXBuildFile; fileRef = 6617ED7B1E5E57580063A7C4 /* Spotlight-58.png */; };
		6617EDB81E5E57580063A7C4 /* Spotlight-80.png in Resources */ = {isa = PBXBuildFile; fileRef = 6617ED7C1E5E57580063A7C4 /* Spotlight-80.png */; };
		6617EDB91E5E57580063A7C4 /* Spotlight-100.png in Resources */ = {isa = PBXBuildFile; fileRef = 6617ED7D1E5E57580063A7C4 /* Spotlight-100.png */; };
		6617EDBA1E5E57580063A7C4 /* Spotlight.png in Resources */ = {isa = PBXBuildFile; fileRef = 6617ED7E1E5E57580063A7C4 /* Spotlight.png */; };
		6617EDBB1E5E57580063A7C4 /* TakePhotoButton.png in Resources */ = {isa = PBXBuildFile; fileRef = 6617ED7F1E5E57580063A7C4 /* TakePhotoButton.png */; };
		6617EDBC1E5E57580063A7C4 /* thumb-volleyball-1280x720.png in Resources */ = {isa = PBXBuildFile; fileRef = 6617ED801E5E57580063A7C4 /* thumb-volleyball-1280x720.png */; };
		6617EDBD1E5E57580063A7C4 /* thumb-watterbottlechallenge-1280x720.png in Resources */ = {isa = PBXBuildFile; fileRef = 6617ED811E5E57580063A7C4 /* thumb-watterbottlechallenge-1280x720.png */; };
		6617EDBE1E5E57580063A7C4 /* ToggleCameraButton.png in Resources */ = {isa = PBXBuildFile; fileRef = 6617ED821E5E57580063A7C4 /* ToggleCameraButton.png */; };
		662D485F1E88E85900140914 /* CustomTextFieldContainer.swift in Sources */ = {isa = PBXBuildFile; fileRef = 662D485E1E88E85900140914 /* CustomTextFieldContainer.swift */; };
		662D48611E88E9A500140914 /* Validator.swift in Sources */ = {isa = PBXBuildFile; fileRef = 662D48601E88E9A500140914 /* Validator.swift */; };
		662D48631E88E9D200140914 /* ErrorHandler.swift in Sources */ = {isa = PBXBuildFile; fileRef = 662D48621E88E9D200140914 /* ErrorHandler.swift */; };
		662D48651E88E9F700140914 /* MessageView.swift in Sources */ = {isa = PBXBuildFile; fileRef = 662D48641E88E9F700140914 /* MessageView.swift */; };
		6643D1A51E5F55E6000C3501 /* MyDashboardVC.swift in Sources */ = {isa = PBXBuildFile; fileRef = 6643D1A41E5F55E6000C3501 /* MyDashboardVC.swift */; };
		6643D1A71E60A43F000C3501 /* TabsVC.swift in Sources */ = {isa = PBXBuildFile; fileRef = 6643D1A61E60A43F000C3501 /* TabsVC.swift */; };
		6643D1A91E60A46B000C3501 /* HomeFeedVC.swift in Sources */ = {isa = PBXBuildFile; fileRef = 6643D1A81E60A46B000C3501 /* HomeFeedVC.swift */; };
		6643D1AB1E60AA3E000C3501 /* TrainingVC.swift in Sources */ = {isa = PBXBuildFile; fileRef = 6643D1AA1E60AA3E000C3501 /* TrainingVC.swift */; };
		6643D1AD1E60AA49000C3501 /* ExploreVC.swift in Sources */ = {isa = PBXBuildFile; fileRef = 6643D1AC1E60AA49000C3501 /* ExploreVC.swift */; };
		6643D1AF1E60AA57000C3501 /* ProfileVC.swift in Sources */ = {isa = PBXBuildFile; fileRef = 6643D1AE1E60AA57000C3501 /* ProfileVC.swift */; };
		6672AA411E87DE920002DA25 /* facebookIcon.png in Resources */ = {isa = PBXBuildFile; fileRef = 6672AA401E87DE920002DA25 /* facebookIcon.png */; };
		668C88E11E6DE42B00031827 /* Icon-App-20x20@1x.png in Resources */ = {isa = PBXBuildFile; fileRef = 668C88CB1E6DE42B00031827 /* Icon-App-20x20@1x.png */; };
		668C88E21E6DE42B00031827 /* Icon-App-20x20@2x.png in Resources */ = {isa = PBXBuildFile; fileRef = 668C88CC1E6DE42B00031827 /* Icon-App-20x20@2x.png */; };
		668C88E31E6DE42B00031827 /* Icon-App-20x20@3x.png in Resources */ = {isa = PBXBuildFile; fileRef = 668C88CD1E6DE42B00031827 /* Icon-App-20x20@3x.png */; };
		668C88E41E6DE42B00031827 /* Icon-App-29x29@1x.png in Resources */ = {isa = PBXBuildFile; fileRef = 668C88CE1E6DE42B00031827 /* Icon-App-29x29@1x.png */; };
		668C88E51E6DE42B00031827 /* Icon-App-29x29@2x.png in Resources */ = {isa = PBXBuildFile; fileRef = 668C88CF1E6DE42B00031827 /* Icon-App-29x29@2x.png */; };
		668C88E61E6DE42B00031827 /* Icon-App-29x29@3x.png in Resources */ = {isa = PBXBuildFile; fileRef = 668C88D01E6DE42B00031827 /* Icon-App-29x29@3x.png */; };
		668C88E71E6DE42B00031827 /* Icon-App-40x40@1x.png in Resources */ = {isa = PBXBuildFile; fileRef = 668C88D11E6DE42B00031827 /* Icon-App-40x40@1x.png */; };
		668C88E81E6DE42B00031827 /* Icon-App-40x40@2x.png in Resources */ = {isa = PBXBuildFile; fileRef = 668C88D21E6DE42B00031827 /* Icon-App-40x40@2x.png */; };
		668C88E91E6DE42B00031827 /* Icon-App-40x40@3x.png in Resources */ = {isa = PBXBuildFile; fileRef = 668C88D31E6DE42B00031827 /* Icon-App-40x40@3x.png */; };
		668C88EA1E6DE42B00031827 /* Icon-App-57x57@1x.png in Resources */ = {isa = PBXBuildFile; fileRef = 668C88D41E6DE42B00031827 /* Icon-App-57x57@1x.png */; };
		668C88EB1E6DE42B00031827 /* Icon-App-57x57@2x.png in Resources */ = {isa = PBXBuildFile; fileRef = 668C88D51E6DE42B00031827 /* Icon-App-57x57@2x.png */; };
		668C88EC1E6DE42B00031827 /* Icon-App-60x60@1x.png in Resources */ = {isa = PBXBuildFile; fileRef = 668C88D61E6DE42B00031827 /* Icon-App-60x60@1x.png */; };
		668C88ED1E6DE42B00031827 /* Icon-App-60x60@2x.png in Resources */ = {isa = PBXBuildFile; fileRef = 668C88D71E6DE42B00031827 /* Icon-App-60x60@2x.png */; };
		668C88EE1E6DE42B00031827 /* Icon-App-60x60@3x.png in Resources */ = {isa = PBXBuildFile; fileRef = 668C88D81E6DE42B00031827 /* Icon-App-60x60@3x.png */; };
		668C88EF1E6DE42B00031827 /* Icon-App-72x72@1x.png in Resources */ = {isa = PBXBuildFile; fileRef = 668C88D91E6DE42B00031827 /* Icon-App-72x72@1x.png */; };
		668C88F01E6DE42B00031827 /* Icon-App-72x72@2x.png in Resources */ = {isa = PBXBuildFile; fileRef = 668C88DA1E6DE42B00031827 /* Icon-App-72x72@2x.png */; };
		668C88F11E6DE42B00031827 /* Icon-App-76x76@1x.png in Resources */ = {isa = PBXBuildFile; fileRef = 668C88DB1E6DE42B00031827 /* Icon-App-76x76@1x.png */; };
		668C88F21E6DE42B00031827 /* Icon-App-76x76@2x.png in Resources */ = {isa = PBXBuildFile; fileRef = 668C88DC1E6DE42B00031827 /* Icon-App-76x76@2x.png */; };
		668C88F31E6DE42B00031827 /* Icon-App-76x76@3x.png in Resources */ = {isa = PBXBuildFile; fileRef = 668C88DD1E6DE42B00031827 /* Icon-App-76x76@3x.png */; };
		668C88F41E6DE42B00031827 /* Icon-App-83.5x83.5@2x.png in Resources */ = {isa = PBXBuildFile; fileRef = 668C88DE1E6DE42B00031827 /* Icon-App-83.5x83.5@2x.png */; };
		668C88F51E6DE42B00031827 /* Icon-Small-50x50@1x.png in Resources */ = {isa = PBXBuildFile; fileRef = 668C88DF1E6DE42B00031827 /* Icon-Small-50x50@1x.png */; };
		668C88F61E6DE42B00031827 /* Icon-Small-50x50@2x.png in Resources */ = {isa = PBXBuildFile; fileRef = 668C88E01E6DE42B00031827 /* Icon-Small-50x50@2x.png */; };
		6690F51D1E905C19001C4588 /* scrimit.png in Resources */ = {isa = PBXBuildFile; fileRef = 6690F51C1E905C19001C4588 /* scrimit.png */; };
		6690F51F1E9066BF001C4588 /* ChallengesVC.swift in Sources */ = {isa = PBXBuildFile; fileRef = 6690F51E1E9066BF001C4588 /* ChallengesVC.swift */; };
		66B063421E8A8694000CC23D /* Path.swift in Sources */ = {isa = PBXBuildFile; fileRef = 66B063411E8A8694000CC23D /* Path.swift */; };
		66B063441E8A8A82000CC23D /* ChallengeBox.swift in Sources */ = {isa = PBXBuildFile; fileRef = 66B063431E8A8A82000CC23D /* ChallengeBox.swift */; };
		66B063461E8ABD7E000CC23D /* SignUpVCAge.swift in Sources */ = {isa = PBXBuildFile; fileRef = 66B063451E8ABD7E000CC23D /* SignUpVCAge.swift */; };
		66B063481E8AC488000CC23D /* SignUpVCName.swift in Sources */ = {isa = PBXBuildFile; fileRef = 66B063471E8AC488000CC23D /* SignUpVCName.swift */; };
		66B0634A1E8AC51A000CC23D /* SignUpVCCity.swift in Sources */ = {isa = PBXBuildFile; fileRef = 66B063491E8AC51A000CC23D /* SignUpVCCity.swift */; };
		66B0634C1E8AC8D1000CC23D /* SignUpVCPassword.swift in Sources */ = {isa = PBXBuildFile; fileRef = 66B0634B1E8AC8D1000CC23D /* SignUpVCPassword.swift */; };
		66B0634E1E8AD4A1000CC23D /* SignUpVCEmail.swift in Sources */ = {isa = PBXBuildFile; fileRef = 66B0634D1E8AD4A1000CC23D /* SignUpVCEmail.swift */; };
		66D1B4A91E78A00A00DB338E /* Tile.swift in Sources */ = {isa = PBXBuildFile; fileRef = 66D1B4A81E78A00A00DB338E /* Tile.swift */; };
		66D1B4AB1E78A14100DB338E /* LogInVC.swift in Sources */ = {isa = PBXBuildFile; fileRef = 66D1B4AA1E78A14100DB338E /* LogInVC.swift */; };
		66D1B4AD1E78AD5100DB338E /* CircleButton.swift in Sources */ = {isa = PBXBuildFile; fileRef = 66D1B4AC1E78AD5100DB338E /* CircleButton.swift */; };
		66D1B4AF1E78C7F100DB338E /* SignUpVCGender.swift in Sources */ = {isa = PBXBuildFile; fileRef = 66D1B4AE1E78C7F100DB338E /* SignUpVCGender.swift */; };
		8FAC81F0B2C0FBEF2F8426C7 /* Pods_ScrimIT.framework in Frameworks */ = {isa = PBXBuildFile; fileRef = 2DB31DA83197192239AC1F40 /* Pods_ScrimIT.framework */; };
		92056B7D1E5CED86007C8AD0 /* AppDelegate.swift in Sources */ = {isa = PBXBuildFile; fileRef = 92056B7C1E5CED86007C8AD0 /* AppDelegate.swift */; };
		92056B821E5CED86007C8AD0 /* Main.storyboard in Resources */ = {isa = PBXBuildFile; fileRef = 92056B801E5CED86007C8AD0 /* Main.storyboard */; };
		92056B841E5CED86007C8AD0 /* Assets.xcassets in Resources */ = {isa = PBXBuildFile; fileRef = 92056B831E5CED86007C8AD0 /* Assets.xcassets */; };
		92056B871E5CED86007C8AD0 /* LaunchScreen.storyboard in Resources */ = {isa = PBXBuildFile; fileRef = 92056B851E5CED86007C8AD0 /* LaunchScreen.storyboard */; };
		921943741E68F4B900F5A551 /* Camera.swift in Sources */ = {isa = PBXBuildFile; fileRef = 921943731E68F4B900F5A551 /* Camera.swift */; };
		921943761E68F4DF00F5A551 /* PreviewView.swift in Sources */ = {isa = PBXBuildFile; fileRef = 921943751E68F4DF00F5A551 /* PreviewView.swift */; };
		921943791E68F73C00F5A551 /* CameraVC.swift in Sources */ = {isa = PBXBuildFile; fileRef = 921943781E68F73C00F5A551 /* CameraVC.swift */; };
		9219437B1E68F79900F5A551 /* RecordButton.swift in Sources */ = {isa = PBXBuildFile; fileRef = 9219437A1E68F79900F5A551 /* RecordButton.swift */; };
		921943811E69BD9900F5A551 /* ReponseVC.swift in Sources */ = {isa = PBXBuildFile; fileRef = 921943801E69BD9900F5A551 /* ReponseVC.swift */; };
		921943831E69C1A200F5A551 /* AfterPostView.swift in Sources */ = {isa = PBXBuildFile; fileRef = 921943821E69C1A200F5A551 /* AfterPostView.swift */; };
		927DE5D81E78B912008F92BD /* UploadProgress.swift in Sources */ = {isa = PBXBuildFile; fileRef = 927DE5D71E78B912008F92BD /* UploadProgress.swift */; };
		92973F8E1E67CF7900E51567 /* GoogleService-Info.plist in Resources */ = {isa = PBXBuildFile; fileRef = 92973F8D1E67CF7900E51567 /* GoogleService-Info.plist */; };
		92EB582C1E68AED7004E4C83 /* VideoCell.swift in Sources */ = {isa = PBXBuildFile; fileRef = 92EB582B1E68AED7004E4C83 /* VideoCell.swift */; };
		92EB582E1E68B11A004E4C83 /* AuthService.swift in Sources */ = {isa = PBXBuildFile; fileRef = 92EB582D1E68B11A004E4C83 /* AuthService.swift */; };
		92EB58301E68B140004E4C83 /* DataService.swift in Sources */ = {isa = PBXBuildFile; fileRef = 92EB582F1E68B140004E4C83 /* DataService.swift */; };
		92EB58321E68B236004E4C83 /* DataService - CreatePlayer.swift in Sources */ = {isa = PBXBuildFile; fileRef = 92EB58311E68B236004E4C83 /* DataService - CreatePlayer.swift */; };
		92EB58341E68BAF9004E4C83 /* DataService - Save.swift in Sources */ = {isa = PBXBuildFile; fileRef = 92EB58331E68BAF9004E4C83 /* DataService - Save.swift */; };
		92EB58361E68BCCE004E4C83 /* HomeFeedVC - Data.swift in Sources */ = {isa = PBXBuildFile; fileRef = 92EB58351E68BCCE004E4C83 /* HomeFeedVC - Data.swift */; };
		92F6C23E1E67D3A100DC29DA /* Player.swift in Sources */ = {isa = PBXBuildFile; fileRef = 92F6C23D1E67D3A100DC29DA /* Player.swift */; };
		92F6C2401E68768300DC29DA /* ChallengeVideo.swift in Sources */ = {isa = PBXBuildFile; fileRef = 92F6C23F1E68768300DC29DA /* ChallengeVideo.swift */; };
		92F6C2441E687D3C00DC29DA /* NewChallengeVC.swift in Sources */ = {isa = PBXBuildFile; fileRef = 92F6C2431E687D3C00DC29DA /* NewChallengeVC.swift */; };
/* End PBXBuildFile section */

/* Begin PBXFileReference section */
		2DB31DA83197192239AC1F40 /* Pods_ScrimIT.framework */ = {isa = PBXFileReference; explicitFileType = wrapper.framework; includeInIndex = 0; path = Pods_ScrimIT.framework; sourceTree = BUILT_PRODUCTS_DIR; };
		6601F80E1E775DFD001D8021 /* Myriad-Pro-Condensed_31633.ttf */ = {isa = PBXFileReference; lastKnownFileType = file; path = "Myriad-Pro-Condensed_31633.ttf"; sourceTree = "<group>"; };
		6601F80F1E775DFD001D8021 /* Myriad-Pro-Semibold_31650.ttf */ = {isa = PBXFileReference; lastKnownFileType = file; path = "Myriad-Pro-Semibold_31650.ttf"; sourceTree = "<group>"; };
		6601F8141E775F92001D8021 /* MyriadPro-BoldCond.otf */ = {isa = PBXFileReference; lastKnownFileType = file; path = "MyriadPro-BoldCond.otf"; sourceTree = "<group>"; };
		6613EB7A1E675146004AB944 /* NavController.swift */ = {isa = PBXFileReference; fileEncoding = 4; lastKnownFileType = sourcecode.swift; path = NavController.swift; sourceTree = "<group>"; };
		6613EB7E1E678AAA004AB944 /* soccerball.png */ = {isa = PBXFileReference; lastKnownFileType = image.png; path = soccerball.png; sourceTree = "<group>"; };
		6617ED3F1E5E52790063A7C4 /* SignUpLogInVC.swift */ = {isa = PBXFileReference; fileEncoding = 4; lastKnownFileType = sourcecode.swift; path = SignUpLogInVC.swift; sourceTree = "<group>"; };
		6617ED411E5E536C0063A7C4 /* LabelCustomSpacing.swift */ = {isa = PBXFileReference; fileEncoding = 4; lastKnownFileType = sourcecode.swift; path = LabelCustomSpacing.swift; sourceTree = "<group>"; };
		6617ED431E5E56060063A7C4 /* UIExtensions.swift */ = {isa = PBXFileReference; fileEncoding = 4; lastKnownFileType = sourcecode.swift; path = UIExtensions.swift; sourceTree = "<group>"; };
		6617ED471E5E57580063A7C4 /* bg.png */ = {isa = PBXFileReference; lastKnownFileType = image.png; path = bg.png; sourceTree = "<group>"; };
		6617ED481E5E57580063A7C4 /* bg@2x.png */ = {isa = PBXFileReference; lastKnownFileType = image.png; path = "bg@2x.png"; sourceTree = "<group>"; };
		6617ED491E5E57580063A7C4 /* bg@3x.png */ = {isa = PBXFileReference; lastKnownFileType = image.png; path = "bg@3x.png"; sourceTree = "<group>"; };
		6617ED4A1E5E57580063A7C4 /* bg1.png */ = {isa = PBXFileReference; lastKnownFileType = image.png; path = bg1.png; sourceTree = "<group>"; };
		6617ED4B1E5E57580063A7C4 /* bg1@2x.png */ = {isa = PBXFileReference; lastKnownFileType = image.png; path = "bg1@2x.png"; sourceTree = "<group>"; };
		6617ED4C1E5E57580063A7C4 /* bg1@3x.png */ = {isa = PBXFileReference; lastKnownFileType = image.png; path = "bg1@3x.png"; sourceTree = "<group>"; };
		6617ED4D1E5E57580063A7C4 /* Default-568h@2x.png */ = {isa = PBXFileReference; lastKnownFileType = image.png; path = "Default-568h@2x.png"; sourceTree = "<group>"; };
		6617ED4E1E5E57580063A7C4 /* Default.png */ = {isa = PBXFileReference; lastKnownFileType = image.png; path = Default.png; sourceTree = "<group>"; };
		6617ED4F1E5E57580063A7C4 /* Default@2x.png */ = {isa = PBXFileReference; lastKnownFileType = image.png; path = "Default@2x.png"; sourceTree = "<group>"; };
		6617ED501E5E57580063A7C4 /* ico-add-user.png */ = {isa = PBXFileReference; lastKnownFileType = image.png; path = "ico-add-user.png"; sourceTree = "<group>"; };
		6617ED511E5E57580063A7C4 /* ico-camera.png */ = {isa = PBXFileReference; lastKnownFileType = image.png; path = "ico-camera.png"; sourceTree = "<group>"; };
		6617ED521E5E57580063A7C4 /* ico-challenge.png */ = {isa = PBXFileReference; lastKnownFileType = image.png; path = "ico-challenge.png"; sourceTree = "<group>"; };
		6617ED531E5E57580063A7C4 /* ico-check.png */ = {isa = PBXFileReference; lastKnownFileType = image.png; path = "ico-check.png"; sourceTree = "<group>"; };
		6617ED541E5E57580063A7C4 /* ico-comment.png */ = {isa = PBXFileReference; lastKnownFileType = image.png; path = "ico-comment.png"; sourceTree = "<group>"; };
		6617ED551E5E57580063A7C4 /* ico-football.png */ = {isa = PBXFileReference; lastKnownFileType = image.png; path = "ico-football.png"; sourceTree = "<group>"; };
		6617ED561E5E57580063A7C4 /* ico-friends.png */ = {isa = PBXFileReference; lastKnownFileType = image.png; path = "ico-friends.png"; sourceTree = "<group>"; };
		6617ED571E5E57580063A7C4 /* ico-heart.png */ = {isa = PBXFileReference; lastKnownFileType = image.png; path = "ico-heart.png"; sourceTree = "<group>"; };
		6617ED581E5E57580063A7C4 /* ico-lock.png */ = {isa = PBXFileReference; lastKnownFileType = image.png; path = "ico-lock.png"; sourceTree = "<group>"; };
		6617ED591E5E57580063A7C4 /* ico-menu.png */ = {isa = PBXFileReference; lastKnownFileType = image.png; path = "ico-menu.png"; sourceTree = "<group>"; };
		6617ED5A1E5E57580063A7C4 /* ico-path.png */ = {isa = PBXFileReference; lastKnownFileType = image.png; path = "ico-path.png"; sourceTree = "<group>"; };
		6617ED5B1E5E57580063A7C4 /* ico-pathway.png */ = {isa = PBXFileReference; lastKnownFileType = image.png; path = "ico-pathway.png"; sourceTree = "<group>"; };
		6617ED5C1E5E57580063A7C4 /* ico-play.png */ = {isa = PBXFileReference; lastKnownFileType = image.png; path = "ico-play.png"; sourceTree = "<group>"; };
		6617ED5D1E5E57580063A7C4 /* ico-play2.png */ = {isa = PBXFileReference; lastKnownFileType = image.png; path = "ico-play2.png"; sourceTree = "<group>"; };
		6617ED5E1E5E57580063A7C4 /* ico-search.png */ = {isa = PBXFileReference; lastKnownFileType = image.png; path = "ico-search.png"; sourceTree = "<group>"; };
		6617ED5F1E5E57580063A7C4 /* ico-share.png */ = {isa = PBXFileReference; lastKnownFileType = image.png; path = "ico-share.png"; sourceTree = "<group>"; };
		6617ED601E5E57580063A7C4 /* ico-teams.png */ = {isa = PBXFileReference; lastKnownFileType = image.png; path = "ico-teams.png"; sourceTree = "<group>"; };
		6617ED611E5E57580063A7C4 /* ico-training.png */ = {isa = PBXFileReference; lastKnownFileType = image.png; path = "ico-training.png"; sourceTree = "<group>"; };
		6617ED621E5E57580063A7C4 /* ico-trophy.png */ = {isa = PBXFileReference; lastKnownFileType = image.png; path = "ico-trophy.png"; sourceTree = "<group>"; };
		6617ED631E5E57580063A7C4 /* ico-user.png */ = {isa = PBXFileReference; lastKnownFileType = image.png; path = "ico-user.png"; sourceTree = "<group>"; };
		6617ED711E5E57580063A7C4 /* LaunchScreen.storyboard */ = {isa = PBXFileReference; fileEncoding = 4; lastKnownFileType = file.storyboard; path = LaunchScreen.storyboard; sourceTree = "<group>"; };
		6617ED721E5E57580063A7C4 /* NoFlashButton.png */ = {isa = PBXFileReference; lastKnownFileType = image.png; path = NoFlashButton.png; sourceTree = "<group>"; };
		6617ED731E5E57580063A7C4 /* off.png */ = {isa = PBXFileReference; lastKnownFileType = image.png; path = off.png; sourceTree = "<group>"; };
		6617ED741E5E57580063A7C4 /* on.png */ = {isa = PBXFileReference; lastKnownFileType = image.png; path = on.png; sourceTree = "<group>"; };
		6617ED751E5E57580063A7C4 /* Splash-320.png */ = {isa = PBXFileReference; lastKnownFileType = image.png; path = "Splash-320.png"; sourceTree = "<group>"; };
		6617ED761E5E57580063A7C4 /* Splash-640.png */ = {isa = PBXFileReference; lastKnownFileType = image.png; path = "Splash-640.png"; sourceTree = "<group>"; };
		6617ED771E5E57580063A7C4 /* Splash-640x1136.png */ = {isa = PBXFileReference; lastKnownFileType = image.png; path = "Splash-640x1136.png"; sourceTree = "<group>"; };
		6617ED781E5E57580063A7C4 /* Spotlight-29.png */ = {isa = PBXFileReference; lastKnownFileType = image.png; path = "Spotlight-29.png"; sourceTree = "<group>"; };
		6617ED791E5E57580063A7C4 /* Spotlight-40.png */ = {isa = PBXFileReference; lastKnownFileType = image.png; path = "Spotlight-40.png"; sourceTree = "<group>"; };
		6617ED7A1E5E57580063A7C4 /* Spotlight-50.png */ = {isa = PBXFileReference; lastKnownFileType = image.png; path = "Spotlight-50.png"; sourceTree = "<group>"; };
		6617ED7B1E5E57580063A7C4 /* Spotlight-58.png */ = {isa = PBXFileReference; lastKnownFileType = image.png; path = "Spotlight-58.png"; sourceTree = "<group>"; };
		6617ED7C1E5E57580063A7C4 /* Spotlight-80.png */ = {isa = PBXFileReference; lastKnownFileType = image.png; path = "Spotlight-80.png"; sourceTree = "<group>"; };
		6617ED7D1E5E57580063A7C4 /* Spotlight-100.png */ = {isa = PBXFileReference; lastKnownFileType = image.png; path = "Spotlight-100.png"; sourceTree = "<group>"; };
		6617ED7E1E5E57580063A7C4 /* Spotlight.png */ = {isa = PBXFileReference; lastKnownFileType = image.png; path = Spotlight.png; sourceTree = "<group>"; };
		6617ED7F1E5E57580063A7C4 /* TakePhotoButton.png */ = {isa = PBXFileReference; lastKnownFileType = image.png; path = TakePhotoButton.png; sourceTree = "<group>"; };
		6617ED801E5E57580063A7C4 /* thumb-volleyball-1280x720.png */ = {isa = PBXFileReference; lastKnownFileType = image.png; path = "thumb-volleyball-1280x720.png"; sourceTree = "<group>"; };
		6617ED811E5E57580063A7C4 /* thumb-watterbottlechallenge-1280x720.png */ = {isa = PBXFileReference; lastKnownFileType = image.png; path = "thumb-watterbottlechallenge-1280x720.png"; sourceTree = "<group>"; };
		6617ED821E5E57580063A7C4 /* ToggleCameraButton.png */ = {isa = PBXFileReference; lastKnownFileType = image.png; path = ToggleCameraButton.png; sourceTree = "<group>"; };
		662D485E1E88E85900140914 /* CustomTextFieldContainer.swift */ = {isa = PBXFileReference; fileEncoding = 4; lastKnownFileType = sourcecode.swift; path = CustomTextFieldContainer.swift; sourceTree = "<group>"; };
		662D48601E88E9A500140914 /* Validator.swift */ = {isa = PBXFileReference; fileEncoding = 4; lastKnownFileType = sourcecode.swift; path = Validator.swift; sourceTree = "<group>"; };
		662D48621E88E9D200140914 /* ErrorHandler.swift */ = {isa = PBXFileReference; fileEncoding = 4; lastKnownFileType = sourcecode.swift; path = ErrorHandler.swift; sourceTree = "<group>"; };
		662D48641E88E9F700140914 /* MessageView.swift */ = {isa = PBXFileReference; fileEncoding = 4; lastKnownFileType = sourcecode.swift; path = MessageView.swift; sourceTree = "<group>"; };
		6643D1A41E5F55E6000C3501 /* MyDashboardVC.swift */ = {isa = PBXFileReference; fileEncoding = 4; lastKnownFileType = sourcecode.swift; path = MyDashboardVC.swift; sourceTree = "<group>"; };
		6643D1A61E60A43F000C3501 /* TabsVC.swift */ = {isa = PBXFileReference; fileEncoding = 4; lastKnownFileType = sourcecode.swift; path = TabsVC.swift; sourceTree = "<group>"; };
		6643D1A81E60A46B000C3501 /* HomeFeedVC.swift */ = {isa = PBXFileReference; fileEncoding = 4; lastKnownFileType = sourcecode.swift; path = HomeFeedVC.swift; sourceTree = "<group>"; };
		6643D1AA1E60AA3E000C3501 /* TrainingVC.swift */ = {isa = PBXFileReference; fileEncoding = 4; lastKnownFileType = sourcecode.swift; path = TrainingVC.swift; sourceTree = "<group>"; };
		6643D1AC1E60AA49000C3501 /* ExploreVC.swift */ = {isa = PBXFileReference; fileEncoding = 4; lastKnownFileType = sourcecode.swift; path = ExploreVC.swift; sourceTree = "<group>"; };
		6643D1AE1E60AA57000C3501 /* ProfileVC.swift */ = {isa = PBXFileReference; fileEncoding = 4; lastKnownFileType = sourcecode.swift; path = ProfileVC.swift; sourceTree = "<group>"; };
		6672AA401E87DE920002DA25 /* facebookIcon.png */ = {isa = PBXFileReference; lastKnownFileType = image.png; path = facebookIcon.png; sourceTree = "<group>"; };
		668C88CB1E6DE42B00031827 /* Icon-App-20x20@1x.png */ = {isa = PBXFileReference; lastKnownFileType = image.png; path = "Icon-App-20x20@1x.png"; sourceTree = "<group>"; };
		668C88CC1E6DE42B00031827 /* Icon-App-20x20@2x.png */ = {isa = PBXFileReference; lastKnownFileType = image.png; path = "Icon-App-20x20@2x.png"; sourceTree = "<group>"; };
		668C88CD1E6DE42B00031827 /* Icon-App-20x20@3x.png */ = {isa = PBXFileReference; lastKnownFileType = image.png; path = "Icon-App-20x20@3x.png"; sourceTree = "<group>"; };
		668C88CE1E6DE42B00031827 /* Icon-App-29x29@1x.png */ = {isa = PBXFileReference; lastKnownFileType = image.png; path = "Icon-App-29x29@1x.png"; sourceTree = "<group>"; };
		668C88CF1E6DE42B00031827 /* Icon-App-29x29@2x.png */ = {isa = PBXFileReference; lastKnownFileType = image.png; path = "Icon-App-29x29@2x.png"; sourceTree = "<group>"; };
		668C88D01E6DE42B00031827 /* Icon-App-29x29@3x.png */ = {isa = PBXFileReference; lastKnownFileType = image.png; path = "Icon-App-29x29@3x.png"; sourceTree = "<group>"; };
		668C88D11E6DE42B00031827 /* Icon-App-40x40@1x.png */ = {isa = PBXFileReference; lastKnownFileType = image.png; path = "Icon-App-40x40@1x.png"; sourceTree = "<group>"; };
		668C88D21E6DE42B00031827 /* Icon-App-40x40@2x.png */ = {isa = PBXFileReference; lastKnownFileType = image.png; path = "Icon-App-40x40@2x.png"; sourceTree = "<group>"; };
		668C88D31E6DE42B00031827 /* Icon-App-40x40@3x.png */ = {isa = PBXFileReference; lastKnownFileType = image.png; path = "Icon-App-40x40@3x.png"; sourceTree = "<group>"; };
		668C88D41E6DE42B00031827 /* Icon-App-57x57@1x.png */ = {isa = PBXFileReference; lastKnownFileType = image.png; path = "Icon-App-57x57@1x.png"; sourceTree = "<group>"; };
		668C88D51E6DE42B00031827 /* Icon-App-57x57@2x.png */ = {isa = PBXFileReference; lastKnownFileType = image.png; path = "Icon-App-57x57@2x.png"; sourceTree = "<group>"; };
		668C88D61E6DE42B00031827 /* Icon-App-60x60@1x.png */ = {isa = PBXFileReference; lastKnownFileType = image.png; path = "Icon-App-60x60@1x.png"; sourceTree = "<group>"; };
		668C88D71E6DE42B00031827 /* Icon-App-60x60@2x.png */ = {isa = PBXFileReference; lastKnownFileType = image.png; path = "Icon-App-60x60@2x.png"; sourceTree = "<group>"; };
		668C88D81E6DE42B00031827 /* Icon-App-60x60@3x.png */ = {isa = PBXFileReference; lastKnownFileType = image.png; path = "Icon-App-60x60@3x.png"; sourceTree = "<group>"; };
		668C88D91E6DE42B00031827 /* Icon-App-72x72@1x.png */ = {isa = PBXFileReference; lastKnownFileType = image.png; path = "Icon-App-72x72@1x.png"; sourceTree = "<group>"; };
		668C88DA1E6DE42B00031827 /* Icon-App-72x72@2x.png */ = {isa = PBXFileReference; lastKnownFileType = image.png; path = "Icon-App-72x72@2x.png"; sourceTree = "<group>"; };
		668C88DB1E6DE42B00031827 /* Icon-App-76x76@1x.png */ = {isa = PBXFileReference; lastKnownFileType = image.png; path = "Icon-App-76x76@1x.png"; sourceTree = "<group>"; };
		668C88DC1E6DE42B00031827 /* Icon-App-76x76@2x.png */ = {isa = PBXFileReference; lastKnownFileType = image.png; path = "Icon-App-76x76@2x.png"; sourceTree = "<group>"; };
		668C88DD1E6DE42B00031827 /* Icon-App-76x76@3x.png */ = {isa = PBXFileReference; lastKnownFileType = image.png; path = "Icon-App-76x76@3x.png"; sourceTree = "<group>"; };
		668C88DE1E6DE42B00031827 /* Icon-App-83.5x83.5@2x.png */ = {isa = PBXFileReference; lastKnownFileType = image.png; path = "Icon-App-83.5x83.5@2x.png"; sourceTree = "<group>"; };
		668C88DF1E6DE42B00031827 /* Icon-Small-50x50@1x.png */ = {isa = PBXFileReference; lastKnownFileType = image.png; path = "Icon-Small-50x50@1x.png"; sourceTree = "<group>"; };
		668C88E01E6DE42B00031827 /* Icon-Small-50x50@2x.png */ = {isa = PBXFileReference; lastKnownFileType = image.png; path = "Icon-Small-50x50@2x.png"; sourceTree = "<group>"; };
		6690F51C1E905C19001C4588 /* scrimit.png */ = {isa = PBXFileReference; lastKnownFileType = image.png; path = scrimit.png; sourceTree = "<group>"; };
		6690F51E1E9066BF001C4588 /* ChallengesVC.swift */ = {isa = PBXFileReference; fileEncoding = 4; lastKnownFileType = sourcecode.swift; path = ChallengesVC.swift; sourceTree = "<group>"; };
		66B063411E8A8694000CC23D /* Path.swift */ = {isa = PBXFileReference; fileEncoding = 4; lastKnownFileType = sourcecode.swift; name = Path.swift; path = ../Path.swift; sourceTree = "<group>"; };
		66B063431E8A8A82000CC23D /* ChallengeBox.swift */ = {isa = PBXFileReference; fileEncoding = 4; lastKnownFileType = sourcecode.swift; path = ChallengeBox.swift; sourceTree = "<group>"; };
		66B063451E8ABD7E000CC23D /* SignUpVCAge.swift */ = {isa = PBXFileReference; fileEncoding = 4; lastKnownFileType = sourcecode.swift; path = SignUpVCAge.swift; sourceTree = "<group>"; };
		66B063471E8AC488000CC23D /* SignUpVCName.swift */ = {isa = PBXFileReference; fileEncoding = 4; lastKnownFileType = sourcecode.swift; path = SignUpVCName.swift; sourceTree = "<group>"; };
		66B063491E8AC51A000CC23D /* SignUpVCCity.swift */ = {isa = PBXFileReference; fileEncoding = 4; lastKnownFileType = sourcecode.swift; path = SignUpVCCity.swift; sourceTree = "<group>"; };
		66B0634B1E8AC8D1000CC23D /* SignUpVCPassword.swift */ = {isa = PBXFileReference; fileEncoding = 4; lastKnownFileType = sourcecode.swift; path = SignUpVCPassword.swift; sourceTree = "<group>"; };
		66B0634D1E8AD4A1000CC23D /* SignUpVCEmail.swift */ = {isa = PBXFileReference; fileEncoding = 4; lastKnownFileType = sourcecode.swift; path = SignUpVCEmail.swift; sourceTree = "<group>"; };
		66D1B4A81E78A00A00DB338E /* Tile.swift */ = {isa = PBXFileReference; fileEncoding = 4; lastKnownFileType = sourcecode.swift; path = Tile.swift; sourceTree = "<group>"; };
		66D1B4AA1E78A14100DB338E /* LogInVC.swift */ = {isa = PBXFileReference; fileEncoding = 4; lastKnownFileType = sourcecode.swift; path = LogInVC.swift; sourceTree = "<group>"; };
		66D1B4AC1E78AD5100DB338E /* CircleButton.swift */ = {isa = PBXFileReference; fileEncoding = 4; lastKnownFileType = sourcecode.swift; path = CircleButton.swift; sourceTree = "<group>"; };
		66D1B4AE1E78C7F100DB338E /* SignUpVCGender.swift */ = {isa = PBXFileReference; fileEncoding = 4; lastKnownFileType = sourcecode.swift; path = SignUpVCGender.swift; sourceTree = "<group>"; };
		92056B791E5CED86007C8AD0 /* ScrimIT.app */ = {isa = PBXFileReference; explicitFileType = wrapper.application; includeInIndex = 0; path = ScrimIT.app; sourceTree = BUILT_PRODUCTS_DIR; };
		92056B7C1E5CED86007C8AD0 /* AppDelegate.swift */ = {isa = PBXFileReference; lastKnownFileType = sourcecode.swift; path = AppDelegate.swift; sourceTree = "<group>"; };
		92056B811E5CED86007C8AD0 /* Base */ = {isa = PBXFileReference; lastKnownFileType = file.storyboard; name = Base; path = Base.lproj/Main.storyboard; sourceTree = "<group>"; };
		92056B831E5CED86007C8AD0 /* Assets.xcassets */ = {isa = PBXFileReference; lastKnownFileType = folder.assetcatalog; path = Assets.xcassets; sourceTree = "<group>"; };
		92056B861E5CED86007C8AD0 /* Base */ = {isa = PBXFileReference; lastKnownFileType = file.storyboard; name = Base; path = Base.lproj/LaunchScreen.storyboard; sourceTree = "<group>"; };
		92056B881E5CED86007C8AD0 /* Info.plist */ = {isa = PBXFileReference; lastKnownFileType = text.plist.xml; path = Info.plist; sourceTree = "<group>"; };
		921943731E68F4B900F5A551 /* Camera.swift */ = {isa = PBXFileReference; fileEncoding = 4; lastKnownFileType = sourcecode.swift; path = Camera.swift; sourceTree = "<group>"; };
		921943751E68F4DF00F5A551 /* PreviewView.swift */ = {isa = PBXFileReference; fileEncoding = 4; lastKnownFileType = sourcecode.swift; path = PreviewView.swift; sourceTree = "<group>"; };
		921943781E68F73C00F5A551 /* CameraVC.swift */ = {isa = PBXFileReference; fileEncoding = 4; lastKnownFileType = sourcecode.swift; path = CameraVC.swift; sourceTree = "<group>"; };
		9219437A1E68F79900F5A551 /* RecordButton.swift */ = {isa = PBXFileReference; fileEncoding = 4; lastKnownFileType = sourcecode.swift; path = RecordButton.swift; sourceTree = "<group>"; };
		921943801E69BD9900F5A551 /* ReponseVC.swift */ = {isa = PBXFileReference; fileEncoding = 4; lastKnownFileType = sourcecode.swift; path = ReponseVC.swift; sourceTree = "<group>"; };
		921943821E69C1A200F5A551 /* AfterPostView.swift */ = {isa = PBXFileReference; fileEncoding = 4; lastKnownFileType = sourcecode.swift; path = AfterPostView.swift; sourceTree = "<group>"; };
		927DE5D71E78B912008F92BD /* UploadProgress.swift */ = {isa = PBXFileReference; fileEncoding = 4; lastKnownFileType = sourcecode.swift; path = UploadProgress.swift; sourceTree = "<group>"; };
		92973F8D1E67CF7900E51567 /* GoogleService-Info.plist */ = {isa = PBXFileReference; fileEncoding = 4; lastKnownFileType = text.plist.xml; path = "GoogleService-Info.plist"; sourceTree = "<group>"; };
		92EB582B1E68AED7004E4C83 /* VideoCell.swift */ = {isa = PBXFileReference; fileEncoding = 4; lastKnownFileType = sourcecode.swift; path = VideoCell.swift; sourceTree = "<group>"; };
		92EB582D1E68B11A004E4C83 /* AuthService.swift */ = {isa = PBXFileReference; fileEncoding = 4; lastKnownFileType = sourcecode.swift; path = AuthService.swift; sourceTree = "<group>"; };
		92EB582F1E68B140004E4C83 /* DataService.swift */ = {isa = PBXFileReference; fileEncoding = 4; lastKnownFileType = sourcecode.swift; path = DataService.swift; sourceTree = "<group>"; };
		92EB58311E68B236004E4C83 /* DataService - CreatePlayer.swift */ = {isa = PBXFileReference; fileEncoding = 4; lastKnownFileType = sourcecode.swift; path = "DataService - CreatePlayer.swift"; sourceTree = "<group>"; };
		92EB58331E68BAF9004E4C83 /* DataService - Save.swift */ = {isa = PBXFileReference; fileEncoding = 4; lastKnownFileType = sourcecode.swift; path = "DataService - Save.swift"; sourceTree = "<group>"; };
		92EB58351E68BCCE004E4C83 /* HomeFeedVC - Data.swift */ = {isa = PBXFileReference; fileEncoding = 4; lastKnownFileType = sourcecode.swift; path = "HomeFeedVC - Data.swift"; sourceTree = "<group>"; };
		92F6C23D1E67D3A100DC29DA /* Player.swift */ = {isa = PBXFileReference; fileEncoding = 4; lastKnownFileType = sourcecode.swift; path = Player.swift; sourceTree = "<group>"; };
		92F6C23F1E68768300DC29DA /* ChallengeVideo.swift */ = {isa = PBXFileReference; fileEncoding = 4; lastKnownFileType = sourcecode.swift; path = ChallengeVideo.swift; sourceTree = "<group>"; };
		92F6C2431E687D3C00DC29DA /* NewChallengeVC.swift */ = {isa = PBXFileReference; fileEncoding = 4; lastKnownFileType = sourcecode.swift; path = NewChallengeVC.swift; sourceTree = "<group>"; };
		CFD22F30907383F99AF589FD /* Pods-ScrimIT.debug.xcconfig */ = {isa = PBXFileReference; includeInIndex = 1; lastKnownFileType = text.xcconfig; name = "Pods-ScrimIT.debug.xcconfig"; path = "Pods/Target Support Files/Pods-ScrimIT/Pods-ScrimIT.debug.xcconfig"; sourceTree = "<group>"; };
		DE5B91F023FFBEF809AE6579 /* Pods-ScrimIT.release.xcconfig */ = {isa = PBXFileReference; includeInIndex = 1; lastKnownFileType = text.xcconfig; name = "Pods-ScrimIT.release.xcconfig"; path = "Pods/Target Support Files/Pods-ScrimIT/Pods-ScrimIT.release.xcconfig"; sourceTree = "<group>"; };
/* End PBXFileReference section */

/* Begin PBXFrameworksBuildPhase section */
		92056B761E5CED86007C8AD0 /* Frameworks */ = {
			isa = PBXFrameworksBuildPhase;
			buildActionMask = 2147483647;
			files = (
				8FAC81F0B2C0FBEF2F8426C7 /* Pods_ScrimIT.framework in Frameworks */,
			);
			runOnlyForDeploymentPostprocessing = 0;
		};
/* End PBXFrameworksBuildPhase section */

/* Begin PBXGroup section */
		6617ED461E5E574E0063A7C4 /* images */ = {
			isa = PBXGroup;
			children = (
				6690F51C1E905C19001C4588 /* scrimit.png */,
				6672AA401E87DE920002DA25 /* facebookIcon.png */,
				668C88CB1E6DE42B00031827 /* Icon-App-20x20@1x.png */,
				668C88CC1E6DE42B00031827 /* Icon-App-20x20@2x.png */,
				668C88CD1E6DE42B00031827 /* Icon-App-20x20@3x.png */,
				668C88CE1E6DE42B00031827 /* Icon-App-29x29@1x.png */,
				668C88CF1E6DE42B00031827 /* Icon-App-29x29@2x.png */,
				668C88D01E6DE42B00031827 /* Icon-App-29x29@3x.png */,
				668C88D11E6DE42B00031827 /* Icon-App-40x40@1x.png */,
				668C88D21E6DE42B00031827 /* Icon-App-40x40@2x.png */,
				668C88D31E6DE42B00031827 /* Icon-App-40x40@3x.png */,
				668C88D41E6DE42B00031827 /* Icon-App-57x57@1x.png */,
				668C88D51E6DE42B00031827 /* Icon-App-57x57@2x.png */,
				668C88D61E6DE42B00031827 /* Icon-App-60x60@1x.png */,
				668C88D71E6DE42B00031827 /* Icon-App-60x60@2x.png */,
				668C88D81E6DE42B00031827 /* Icon-App-60x60@3x.png */,
				668C88D91E6DE42B00031827 /* Icon-App-72x72@1x.png */,
				668C88DA1E6DE42B00031827 /* Icon-App-72x72@2x.png */,
				668C88DB1E6DE42B00031827 /* Icon-App-76x76@1x.png */,
				668C88DC1E6DE42B00031827 /* Icon-App-76x76@2x.png */,
				668C88DD1E6DE42B00031827 /* Icon-App-76x76@3x.png */,
				668C88DE1E6DE42B00031827 /* Icon-App-83.5x83.5@2x.png */,
				668C88DF1E6DE42B00031827 /* Icon-Small-50x50@1x.png */,
				668C88E01E6DE42B00031827 /* Icon-Small-50x50@2x.png */,
				6617ED471E5E57580063A7C4 /* bg.png */,
				6617ED481E5E57580063A7C4 /* bg@2x.png */,
				6617ED491E5E57580063A7C4 /* bg@3x.png */,
				6617ED4A1E5E57580063A7C4 /* bg1.png */,
				6617ED4B1E5E57580063A7C4 /* bg1@2x.png */,
				6617ED4C1E5E57580063A7C4 /* bg1@3x.png */,
				6617ED4D1E5E57580063A7C4 /* Default-568h@2x.png */,
				6617ED4E1E5E57580063A7C4 /* Default.png */,
				6617ED4F1E5E57580063A7C4 /* Default@2x.png */,
				6617ED501E5E57580063A7C4 /* ico-add-user.png */,
				6617ED511E5E57580063A7C4 /* ico-camera.png */,
				6617ED521E5E57580063A7C4 /* ico-challenge.png */,
				6617ED531E5E57580063A7C4 /* ico-check.png */,
				6617ED541E5E57580063A7C4 /* ico-comment.png */,
				6617ED551E5E57580063A7C4 /* ico-football.png */,
				6617ED561E5E57580063A7C4 /* ico-friends.png */,
				6617ED571E5E57580063A7C4 /* ico-heart.png */,
				6617ED581E5E57580063A7C4 /* ico-lock.png */,
				6617ED591E5E57580063A7C4 /* ico-menu.png */,
				6617ED5A1E5E57580063A7C4 /* ico-path.png */,
				6617ED5B1E5E57580063A7C4 /* ico-pathway.png */,
				6617ED5C1E5E57580063A7C4 /* ico-play.png */,
				6617ED5D1E5E57580063A7C4 /* ico-play2.png */,
				6617ED5E1E5E57580063A7C4 /* ico-search.png */,
				6613EB7E1E678AAA004AB944 /* soccerball.png */,
				6617ED5F1E5E57580063A7C4 /* ico-share.png */,
				6617ED601E5E57580063A7C4 /* ico-teams.png */,
				6617ED611E5E57580063A7C4 /* ico-training.png */,
				6617ED621E5E57580063A7C4 /* ico-trophy.png */,
				6617ED631E5E57580063A7C4 /* ico-user.png */,
				6617ED711E5E57580063A7C4 /* LaunchScreen.storyboard */,
				6617ED721E5E57580063A7C4 /* NoFlashButton.png */,
				6617ED731E5E57580063A7C4 /* off.png */,
				6617ED741E5E57580063A7C4 /* on.png */,
				6617ED751E5E57580063A7C4 /* Splash-320.png */,
				6617ED761E5E57580063A7C4 /* Splash-640.png */,
				6617ED771E5E57580063A7C4 /* Splash-640x1136.png */,
				6617ED781E5E57580063A7C4 /* Spotlight-29.png */,
				6617ED791E5E57580063A7C4 /* Spotlight-40.png */,
				6617ED7A1E5E57580063A7C4 /* Spotlight-50.png */,
				6617ED7B1E5E57580063A7C4 /* Spotlight-58.png */,
				6617ED7C1E5E57580063A7C4 /* Spotlight-80.png */,
				6617ED7D1E5E57580063A7C4 /* Spotlight-100.png */,
				6617ED7E1E5E57580063A7C4 /* Spotlight.png */,
				6617ED7F1E5E57580063A7C4 /* TakePhotoButton.png */,
				6617ED801E5E57580063A7C4 /* thumb-volleyball-1280x720.png */,
				6617ED811E5E57580063A7C4 /* thumb-watterbottlechallenge-1280x720.png */,
				6617ED821E5E57580063A7C4 /* ToggleCameraButton.png */,
			);
			name = images;
			sourceTree = "<group>";
		};
		662D485D1E88E83700140914 /* Extensions */ = {
			isa = PBXGroup;
			children = (
				662D485E1E88E85900140914 /* CustomTextFieldContainer.swift */,
				662D48601E88E9A500140914 /* Validator.swift */,
				662D48621E88E9D200140914 /* ErrorHandler.swift */,
				662D48641E88E9F700140914 /* MessageView.swift */,
			);
			name = Extensions;
			sourceTree = "<group>";
		};
		66D1B4A71E78995300DB338E /* fonts */ = {
			isa = PBXGroup;
			children = (
				6601F8141E775F92001D8021 /* MyriadPro-BoldCond.otf */,
				6601F80E1E775DFD001D8021 /* Myriad-Pro-Condensed_31633.ttf */,
				6601F80F1E775DFD001D8021 /* Myriad-Pro-Semibold_31650.ttf */,
			);
			name = fonts;
			sourceTree = "<group>";
		};
		66D1B4B01E78C7FD00DB338E /* SignUpVCs */ = {
			isa = PBXGroup;
			children = (
				6617ED3F1E5E52790063A7C4 /* SignUpLogInVC.swift */,
				66D1B4AA1E78A14100DB338E /* LogInVC.swift */,
				66D1B4AE1E78C7F100DB338E /* SignUpVCGender.swift */,
				66B063451E8ABD7E000CC23D /* SignUpVCAge.swift */,
				66B063471E8AC488000CC23D /* SignUpVCName.swift */,
				66B063491E8AC51A000CC23D /* SignUpVCCity.swift */,
				66B0634D1E8AD4A1000CC23D /* SignUpVCEmail.swift */,
				66B0634B1E8AC8D1000CC23D /* SignUpVCPassword.swift */,
			);
			name = SignUpVCs;
			sourceTree = "<group>";
		};
		8ECD1C887C93DBC301EFBE99 /* Pods */ = {
			isa = PBXGroup;
			children = (
				CFD22F30907383F99AF589FD /* Pods-ScrimIT.debug.xcconfig */,
				DE5B91F023FFBEF809AE6579 /* Pods-ScrimIT.release.xcconfig */,
			);
			name = Pods;
			sourceTree = "<group>";
		};
		92056B701E5CED86007C8AD0 = {
			isa = PBXGroup;
			children = (
				92056B7B1E5CED86007C8AD0 /* ScrimIT */,
				92056B7A1E5CED86007C8AD0 /* Products */,
				8ECD1C887C93DBC301EFBE99 /* Pods */,
				DD674EBBFB7211634EB92355 /* Frameworks */,
			);
			sourceTree = "<group>";
		};
		92056B7A1E5CED86007C8AD0 /* Products */ = {
			isa = PBXGroup;
			children = (
				92056B791E5CED86007C8AD0 /* ScrimIT.app */,
			);
			name = Products;
			sourceTree = "<group>";
		};
		92056B7B1E5CED86007C8AD0 /* ScrimIT */ = {
			isa = PBXGroup;
			children = (
				66D1B4A71E78995300DB338E /* fonts */,
				6617ED461E5E574E0063A7C4 /* images */,
				92056B7C1E5CED86007C8AD0 /* AppDelegate.swift */,
				92056B801E5CED86007C8AD0 /* Main.storyboard */,
				92056B831E5CED86007C8AD0 /* Assets.xcassets */,
				92056B851E5CED86007C8AD0 /* LaunchScreen.storyboard */,
				6617ED411E5E536C0063A7C4 /* LabelCustomSpacing.swift */,
				66D1B4AC1E78AD5100DB338E /* CircleButton.swift */,
				6617ED431E5E56060063A7C4 /* UIExtensions.swift */,
				92056B881E5CED86007C8AD0 /* Info.plist */,
				6643D1A61E60A43F000C3501 /* TabsVC.swift */,
				9219437C1E6909DA00F5A551 /* VCs */,
				921943771E68F67E00F5A551 /* Camera */,
				92F6C2421E68769B00DC29DA /* TabBarVCs */,
				92F6C2411E68768C00DC29DA /* Model */,
				662D485D1E88E83700140914 /* Extensions */,
				92973F8D1E67CF7900E51567 /* GoogleService-Info.plist */,
				6613EB7A1E675146004AB944 /* NavController.swift */,
				66B063411E8A8694000CC23D /* Path.swift */,
				66D1B4A81E78A00A00DB338E /* Tile.swift */,
				66B063431E8A8A82000CC23D /* ChallengeBox.swift */,
			);
			path = ScrimIT;
			sourceTree = "<group>";
		};
		921943771E68F67E00F5A551 /* Camera */ = {
			isa = PBXGroup;
			children = (
				9219437A1E68F79900F5A551 /* RecordButton.swift */,
				921943781E68F73C00F5A551 /* CameraVC.swift */,
				927DE5D71E78B912008F92BD /* UploadProgress.swift */,
				921943731E68F4B900F5A551 /* Camera.swift */,
				921943751E68F4DF00F5A551 /* PreviewView.swift */,
			);
			name = Camera;
			sourceTree = "<group>";
		};
		9219437C1E6909DA00F5A551 /* VCs */ = {
			isa = PBXGroup;
			children = (
				6643D1A41E5F55E6000C3501 /* MyDashboardVC.swift */,
				92F6C2431E687D3C00DC29DA /* NewChallengeVC.swift */,
				921943801E69BD9900F5A551 /* ReponseVC.swift */,
				921943821E69C1A200F5A551 /* AfterPostView.swift */,
			);
			name = VCs;
			sourceTree = "<group>";
		};
		92F6C2411E68768C00DC29DA /* Model */ = {
			isa = PBXGroup;
			children = (
				92EB582F1E68B140004E4C83 /* DataService.swift */,
				92EB58311E68B236004E4C83 /* DataService - CreatePlayer.swift */,
				92EB58331E68BAF9004E4C83 /* DataService - Save.swift */,
				92EB582D1E68B11A004E4C83 /* AuthService.swift */,
				92EB582B1E68AED7004E4C83 /* VideoCell.swift */,
				92F6C23F1E68768300DC29DA /* ChallengeVideo.swift */,
				92F6C23D1E67D3A100DC29DA /* Player.swift */,
			);
			name = Model;
			sourceTree = "<group>";
		};
		92F6C2421E68769B00DC29DA /* TabBarVCs */ = {
			isa = PBXGroup;
			children = (
				66D1B4B01E78C7FD00DB338E /* SignUpVCs */,
				6643D1A81E60A46B000C3501 /* HomeFeedVC.swift */,
				92EB58351E68BCCE004E4C83 /* HomeFeedVC - Data.swift */,
				6643D1AA1E60AA3E000C3501 /* TrainingVC.swift */,
				6643D1AC1E60AA49000C3501 /* ExploreVC.swift */,
				6643D1AE1E60AA57000C3501 /* ProfileVC.swift */,
				6690F51E1E9066BF001C4588 /* ChallengesVC.swift */,
			);
			name = TabBarVCs;
			sourceTree = "<group>";
		};
		DD674EBBFB7211634EB92355 /* Frameworks */ = {
			isa = PBXGroup;
			children = (
				2DB31DA83197192239AC1F40 /* Pods_ScrimIT.framework */,
			);
			name = Frameworks;
			sourceTree = "<group>";
		};
/* End PBXGroup section */

/* Begin PBXNativeTarget section */
		92056B781E5CED86007C8AD0 /* ScrimIT */ = {
			isa = PBXNativeTarget;
			buildConfigurationList = 92056B8B1E5CED86007C8AD0 /* Build configuration list for PBXNativeTarget "ScrimIT" */;
			buildPhases = (
				E6913ED274FE104C1200BF46 /* [CP] Check Pods Manifest.lock */,
				92056B751E5CED86007C8AD0 /* Sources */,
				92056B761E5CED86007C8AD0 /* Frameworks */,
				92056B771E5CED86007C8AD0 /* Resources */,
				4CC5F8CCB14AC65C7B6ECFEC /* [CP] Embed Pods Frameworks */,
				02B34EDFFA7B8678F93F1A76 /* [CP] Copy Pods Resources */,
			);
			buildRules = (
			);
			dependencies = (
			);
			name = ScrimIT;
			productName = ScrimIT;
			productReference = 92056B791E5CED86007C8AD0 /* ScrimIT.app */;
			productType = "com.apple.product-type.application";
		};
/* End PBXNativeTarget section */

/* Begin PBXProject section */
		92056B711E5CED86007C8AD0 /* Project object */ = {
			isa = PBXProject;
			attributes = {
				LastSwiftUpdateCheck = 0820;
				LastUpgradeCheck = 0820;
				ORGANIZATIONNAME = "Anthony Ma";
				TargetAttributes = {
					92056B781E5CED86007C8AD0 = {
						CreatedOnToolsVersion = 8.2.1;
						DevelopmentTeam = VDQS4882Z8;
						ProvisioningStyle = Automatic;
					};
				};
			};
			buildConfigurationList = 92056B741E5CED86007C8AD0 /* Build configuration list for PBXProject "ScrimIT" */;
			compatibilityVersion = "Xcode 3.2";
			developmentRegion = English;
			hasScannedForEncodings = 0;
			knownRegions = (
				en,
				Base,
			);
			mainGroup = 92056B701E5CED86007C8AD0;
			productRefGroup = 92056B7A1E5CED86007C8AD0 /* Products */;
			projectDirPath = "";
			projectRoot = "";
			targets = (
				92056B781E5CED86007C8AD0 /* ScrimIT */,
			);
		};
/* End PBXProject section */

/* Begin PBXResourcesBuildPhase section */
		92056B771E5CED86007C8AD0 /* Resources */ = {
			isa = PBXResourcesBuildPhase;
			buildActionMask = 2147483647;
			files = (
				6617ED8B1E5E57580063A7C4 /* Default@2x.png in Resources */,
				6617ED851E5E57580063A7C4 /* bg@3x.png in Resources */,
				668C88E51E6DE42B00031827 /* Icon-App-29x29@2x.png in Resources */,
				6617ED871E5E57580063A7C4 /* bg1@2x.png in Resources */,
				6617ED9B1E5E57580063A7C4 /* ico-share.png in Resources */,
				668C88EF1E6DE42B00031827 /* Icon-App-72x72@1x.png in Resources */,
				6617ED981E5E57580063A7C4 /* ico-play.png in Resources */,
				6617EDB61E5E57580063A7C4 /* Spotlight-50.png in Resources */,
				668C88F11E6DE42B00031827 /* Icon-App-76x76@1x.png in Resources */,
				668C88E11E6DE42B00031827 /* Icon-App-20x20@1x.png in Resources */,
				92056B871E5CED86007C8AD0 /* LaunchScreen.storyboard in Resources */,
				6617EDBC1E5E57580063A7C4 /* thumb-volleyball-1280x720.png in Resources */,
				6617EDB11E5E57580063A7C4 /* Splash-320.png in Resources */,
				6617EDB71E5E57580063A7C4 /* Spotlight-58.png in Resources */,
				6617EDAD1E5E57580063A7C4 /* LaunchScreen.storyboard in Resources */,
				6617EDB31E5E57580063A7C4 /* Splash-640x1136.png in Resources */,
				668C88E91E6DE42B00031827 /* Icon-App-40x40@3x.png in Resources */,
				92973F8E1E67CF7900E51567 /* GoogleService-Info.plist in Resources */,
				6617ED9F1E5E57580063A7C4 /* ico-user.png in Resources */,
				6617EDB01E5E57580063A7C4 /* on.png in Resources */,
				6617EDB21E5E57580063A7C4 /* Splash-640.png in Resources */,
				6617ED9C1E5E57580063A7C4 /* ico-teams.png in Resources */,
				6690F51D1E905C19001C4588 /* scrimit.png in Resources */,
				668C88E31E6DE42B00031827 /* Icon-App-20x20@3x.png in Resources */,
				6617ED931E5E57580063A7C4 /* ico-heart.png in Resources */,
				6601F8151E775F92001D8021 /* MyriadPro-BoldCond.otf in Resources */,
				6617ED8C1E5E57580063A7C4 /* ico-add-user.png in Resources */,
				6672AA411E87DE920002DA25 /* facebookIcon.png in Resources */,
				6617ED891E5E57580063A7C4 /* Default-568h@2x.png in Resources */,
				668C88E61E6DE42B00031827 /* Icon-App-29x29@3x.png in Resources */,
				6617ED8F1E5E57580063A7C4 /* ico-check.png in Resources */,
				668C88F51E6DE42B00031827 /* Icon-Small-50x50@1x.png in Resources */,
				6617ED901E5E57580063A7C4 /* ico-comment.png in Resources */,
				668C88EE1E6DE42B00031827 /* Icon-App-60x60@3x.png in Resources */,
				6613EB7F1E678AAA004AB944 /* soccerball.png in Resources */,
				6617EDBA1E5E57580063A7C4 /* Spotlight.png in Resources */,
				6617EDAF1E5E57580063A7C4 /* off.png in Resources */,
				6617EDB91E5E57580063A7C4 /* Spotlight-100.png in Resources */,
				668C88EA1E6DE42B00031827 /* Icon-App-57x57@1x.png in Resources */,
				668C88E81E6DE42B00031827 /* Icon-App-40x40@2x.png in Resources */,
				6617ED8D1E5E57580063A7C4 /* ico-camera.png in Resources */,
				6617ED8E1E5E57580063A7C4 /* ico-challenge.png in Resources */,
				6617EDB51E5E57580063A7C4 /* Spotlight-40.png in Resources */,
				6617EDBB1E5E57580063A7C4 /* TakePhotoButton.png in Resources */,
				6617ED991E5E57580063A7C4 /* ico-play2.png in Resources */,
				668C88F61E6DE42B00031827 /* Icon-Small-50x50@2x.png in Resources */,
				668C88F01E6DE42B00031827 /* Icon-App-72x72@2x.png in Resources */,
				6617EDAE1E5E57580063A7C4 /* NoFlashButton.png in Resources */,
				92056B841E5CED86007C8AD0 /* Assets.xcassets in Resources */,
				668C88E41E6DE42B00031827 /* Icon-App-29x29@1x.png in Resources */,
				668C88ED1E6DE42B00031827 /* Icon-App-60x60@2x.png in Resources */,
				668C88F41E6DE42B00031827 /* Icon-App-83.5x83.5@2x.png in Resources */,
				6617ED831E5E57580063A7C4 /* bg.png in Resources */,
				6617ED861E5E57580063A7C4 /* bg1.png in Resources */,
				6617EDB81E5E57580063A7C4 /* Spotlight-80.png in Resources */,
				668C88F31E6DE42B00031827 /* Icon-App-76x76@3x.png in Resources */,
				6617ED951E5E57580063A7C4 /* ico-menu.png in Resources */,
				6617EDB41E5E57580063A7C4 /* Spotlight-29.png in Resources */,
				92056B821E5CED86007C8AD0 /* Main.storyboard in Resources */,
				668C88F21E6DE42B00031827 /* Icon-App-76x76@2x.png in Resources */,
				6617ED971E5E57580063A7C4 /* ico-pathway.png in Resources */,
				6617ED841E5E57580063A7C4 /* bg@2x.png in Resources */,
				6617ED9A1E5E57580063A7C4 /* ico-search.png in Resources */,
				6617ED9E1E5E57580063A7C4 /* ico-trophy.png in Resources */,
				6617ED881E5E57580063A7C4 /* bg1@3x.png in Resources */,
				6617ED911E5E57580063A7C4 /* ico-football.png in Resources */,
				6617ED9D1E5E57580063A7C4 /* ico-training.png in Resources */,
				6617ED8A1E5E57580063A7C4 /* Default.png in Resources */,
				6617ED961E5E57580063A7C4 /* ico-path.png in Resources */,
				668C88EB1E6DE42B00031827 /* Icon-App-57x57@2x.png in Resources */,
				668C88EC1E6DE42B00031827 /* Icon-App-60x60@1x.png in Resources */,
				6617EDBE1E5E57580063A7C4 /* ToggleCameraButton.png in Resources */,
				668C88E21E6DE42B00031827 /* Icon-App-20x20@2x.png in Resources */,
				6617EDBD1E5E57580063A7C4 /* thumb-watterbottlechallenge-1280x720.png in Resources */,
				6601F8111E775DFD001D8021 /* Myriad-Pro-Semibold_31650.ttf in Resources */,
				6617ED941E5E57580063A7C4 /* ico-lock.png in Resources */,
				6601F8101E775DFD001D8021 /* Myriad-Pro-Condensed_31633.ttf in Resources */,
				668C88E71E6DE42B00031827 /* Icon-App-40x40@1x.png in Resources */,
				6617ED921E5E57580063A7C4 /* ico-friends.png in Resources */,
			);
			runOnlyForDeploymentPostprocessing = 0;
		};
/* End PBXResourcesBuildPhase section */

/* Begin PBXShellScriptBuildPhase section */
		02B34EDFFA7B8678F93F1A76 /* [CP] Copy Pods Resources */ = {
			isa = PBXShellScriptBuildPhase;
			buildActionMask = 2147483647;
			files = (
			);
			inputPaths = (
			);
			name = "[CP] Copy Pods Resources";
			outputPaths = (
			);
			runOnlyForDeploymentPostprocessing = 0;
			shellPath = /bin/sh;
			shellScript = "\"${SRCROOT}/Pods/Target Support Files/Pods-ScrimIT/Pods-ScrimIT-resources.sh\"\n";
			showEnvVarsInLog = 0;
		};
		4CC5F8CCB14AC65C7B6ECFEC /* [CP] Embed Pods Frameworks */ = {
			isa = PBXShellScriptBuildPhase;
			buildActionMask = 2147483647;
			files = (
			);
			inputPaths = (
			);
			name = "[CP] Embed Pods Frameworks";
			outputPaths = (
			);
			runOnlyForDeploymentPostprocessing = 0;
			shellPath = /bin/sh;
			shellScript = "\"${SRCROOT}/Pods/Target Support Files/Pods-ScrimIT/Pods-ScrimIT-frameworks.sh\"\n";
			showEnvVarsInLog = 0;
		};
		E6913ED274FE104C1200BF46 /* [CP] Check Pods Manifest.lock */ = {
			isa = PBXShellScriptBuildPhase;
			buildActionMask = 2147483647;
			files = (
			);
			inputPaths = (
			);
			name = "[CP] Check Pods Manifest.lock";
			outputPaths = (
			);
			runOnlyForDeploymentPostprocessing = 0;
			shellPath = /bin/sh;
			shellScript = "diff \"${PODS_ROOT}/../Podfile.lock\" \"${PODS_ROOT}/Manifest.lock\" > /dev/null\nif [ $? != 0 ] ; then\n    # print error to STDERR\n    echo \"error: The sandbox is not in sync with the Podfile.lock. Run 'pod install' or update your CocoaPods installation.\" >&2\n    exit 1\nfi\n";
			showEnvVarsInLog = 0;
		};
/* End PBXShellScriptBuildPhase section */

/* Begin PBXSourcesBuildPhase section */
		92056B751E5CED86007C8AD0 /* Sources */ = {
			isa = PBXSourcesBuildPhase;
			buildActionMask = 2147483647;
			files = (
				6601F8161E775F9D001D8021 /* MyriadPro-BoldCond.otf in Sources */,
				6601F8121E775E03001D8021 /* Myriad-Pro-Condensed_31633.ttf in Sources */,
				6601F8131E775E03001D8021 /* Myriad-Pro-Semibold_31650.ttf in Sources */,
				66B0634A1E8AC51A000CC23D /* SignUpVCCity.swift in Sources */,
				92F6C23E1E67D3A100DC29DA /* Player.swift in Sources */,
				921943761E68F4DF00F5A551 /* PreviewView.swift in Sources */,
				662D48631E88E9D200140914 /* ErrorHandler.swift in Sources */,
				92EB582C1E68AED7004E4C83 /* VideoCell.swift in Sources */,
				66D1B4AD1E78AD5100DB338E /* CircleButton.swift in Sources */,
				6643D1AF1E60AA57000C3501 /* ProfileVC.swift in Sources */,
				66B063441E8A8A82000CC23D /* ChallengeBox.swift in Sources */,
				9219437B1E68F79900F5A551 /* RecordButton.swift in Sources */,
				66B063421E8A8694000CC23D /* Path.swift in Sources */,
				6643D1AB1E60AA3E000C3501 /* TrainingVC.swift in Sources */,
				927DE5D81E78B912008F92BD /* UploadProgress.swift in Sources */,
				6617ED421E5E536C0063A7C4 /* LabelCustomSpacing.swift in Sources */,
				921943791E68F73C00F5A551 /* CameraVC.swift in Sources */,
				92056B7D1E5CED86007C8AD0 /* AppDelegate.swift in Sources */,
				6690F51F1E9066BF001C4588 /* ChallengesVC.swift in Sources */,
				921943831E69C1A200F5A551 /* AfterPostView.swift in Sources */,
				92EB58321E68B236004E4C83 /* DataService - CreatePlayer.swift in Sources */,
				92F6C2401E68768300DC29DA /* ChallengeVideo.swift in Sources */,
				66D1B4AF1E78C7F100DB338E /* SignUpVCGender.swift in Sources */,
				66D1B4A91E78A00A00DB338E /* Tile.swift in Sources */,
				6643D1A51E5F55E6000C3501 /* MyDashboardVC.swift in Sources */,
				92EB58361E68BCCE004E4C83 /* HomeFeedVC - Data.swift in Sources */,
				6613EB7B1E675146004AB944 /* NavController.swift in Sources */,
				66B063481E8AC488000CC23D /* SignUpVCName.swift in Sources */,
				66B0634C1E8AC8D1000CC23D /* SignUpVCPassword.swift in Sources */,
				92EB58301E68B140004E4C83 /* DataService.swift in Sources */,
				6643D1A91E60A46B000C3501 /* HomeFeedVC.swift in Sources */,
				662D485F1E88E85900140914 /* CustomTextFieldContainer.swift in Sources */,
				6617ED441E5E56060063A7C4 /* UIExtensions.swift in Sources */,
				6643D1A71E60A43F000C3501 /* TabsVC.swift in Sources */,
				92EB58341E68BAF9004E4C83 /* DataService - Save.swift in Sources */,
				66B0634E1E8AD4A1000CC23D /* SignUpVCEmail.swift in Sources */,
				662D48611E88E9A500140914 /* Validator.swift in Sources */,
				662D48651E88E9F700140914 /* MessageView.swift in Sources */,
				6617ED401E5E52790063A7C4 /* SignUpLogInVC.swift in Sources */,
				66D1B4AB1E78A14100DB338E /* LogInVC.swift in Sources */,
				6643D1AD1E60AA49000C3501 /* ExploreVC.swift in Sources */,
				92EB582E1E68B11A004E4C83 /* AuthService.swift in Sources */,
				92F6C2441E687D3C00DC29DA /* NewChallengeVC.swift in Sources */,
				921943811E69BD9900F5A551 /* ReponseVC.swift in Sources */,
				66B063461E8ABD7E000CC23D /* SignUpVCAge.swift in Sources */,
				921943741E68F4B900F5A551 /* Camera.swift in Sources */,
			);
			runOnlyForDeploymentPostprocessing = 0;
		};
/* End PBXSourcesBuildPhase section */

/* Begin PBXVariantGroup section */
		92056B801E5CED86007C8AD0 /* Main.storyboard */ = {
			isa = PBXVariantGroup;
			children = (
				92056B811E5CED86007C8AD0 /* Base */,
			);
			name = Main.storyboard;
			sourceTree = "<group>";
		};
		92056B851E5CED86007C8AD0 /* LaunchScreen.storyboard */ = {
			isa = PBXVariantGroup;
			children = (
				92056B861E5CED86007C8AD0 /* Base */,
			);
			name = LaunchScreen.storyboard;
			sourceTree = "<group>";
		};
/* End PBXVariantGroup section */

/* Begin XCBuildConfiguration section */
		92056B891E5CED86007C8AD0 /* Debug */ = {
			isa = XCBuildConfiguration;
			buildSettings = {
				ALWAYS_SEARCH_USER_PATHS = NO;
				CLANG_ANALYZER_NONNULL = YES;
				CLANG_CXX_LANGUAGE_STANDARD = "gnu++0x";
				CLANG_CXX_LIBRARY = "libc++";
				CLANG_ENABLE_MODULES = YES;
				CLANG_ENABLE_OBJC_ARC = YES;
				CLANG_WARN_BOOL_CONVERSION = YES;
				CLANG_WARN_CONSTANT_CONVERSION = YES;
				CLANG_WARN_DIRECT_OBJC_ISA_USAGE = YES_ERROR;
				CLANG_WARN_DOCUMENTATION_COMMENTS = YES;
				CLANG_WARN_EMPTY_BODY = YES;
				CLANG_WARN_ENUM_CONVERSION = YES;
				CLANG_WARN_INFINITE_RECURSION = YES;
				CLANG_WARN_INT_CONVERSION = YES;
				CLANG_WARN_OBJC_ROOT_CLASS = YES_ERROR;
				CLANG_WARN_SUSPICIOUS_MOVE = YES;
				CLANG_WARN_UNREACHABLE_CODE = YES;
				CLANG_WARN__DUPLICATE_METHOD_MATCH = YES;
				"CODE_SIGN_IDENTITY[sdk=iphoneos*]" = "iPhone Developer";
				COPY_PHASE_STRIP = NO;
				DEBUG_INFORMATION_FORMAT = dwarf;
				ENABLE_STRICT_OBJC_MSGSEND = YES;
				ENABLE_TESTABILITY = YES;
				GCC_C_LANGUAGE_STANDARD = gnu99;
				GCC_DYNAMIC_NO_PIC = NO;
				GCC_NO_COMMON_BLOCKS = YES;
				GCC_OPTIMIZATION_LEVEL = 0;
				GCC_PREPROCESSOR_DEFINITIONS = (
					"DEBUG=1",
					"$(inherited)",
				);
				GCC_WARN_64_TO_32_BIT_CONVERSION = YES;
				GCC_WARN_ABOUT_RETURN_TYPE = YES_ERROR;
				GCC_WARN_UNDECLARED_SELECTOR = YES;
				GCC_WARN_UNINITIALIZED_AUTOS = YES_AGGRESSIVE;
				GCC_WARN_UNUSED_FUNCTION = YES;
				GCC_WARN_UNUSED_VARIABLE = YES;
				IPHONEOS_DEPLOYMENT_TARGET = 10.2;
				MTL_ENABLE_DEBUG_INFO = YES;
				ONLY_ACTIVE_ARCH = YES;
				SDKROOT = iphoneos;
				SWIFT_ACTIVE_COMPILATION_CONDITIONS = DEBUG;
				SWIFT_OPTIMIZATION_LEVEL = "-Onone";
				TARGETED_DEVICE_FAMILY = "1,2";
			};
			name = Debug;
		};
		92056B8A1E5CED86007C8AD0 /* Release */ = {
			isa = XCBuildConfiguration;
			buildSettings = {
				ALWAYS_SEARCH_USER_PATHS = NO;
				CLANG_ANALYZER_NONNULL = YES;
				CLANG_CXX_LANGUAGE_STANDARD = "gnu++0x";
				CLANG_CXX_LIBRARY = "libc++";
				CLANG_ENABLE_MODULES = YES;
				CLANG_ENABLE_OBJC_ARC = YES;
				CLANG_WARN_BOOL_CONVERSION = YES;
				CLANG_WARN_CONSTANT_CONVERSION = YES;
				CLANG_WARN_DIRECT_OBJC_ISA_USAGE = YES_ERROR;
				CLANG_WARN_DOCUMENTATION_COMMENTS = YES;
				CLANG_WARN_EMPTY_BODY = YES;
				CLANG_WARN_ENUM_CONVERSION = YES;
				CLANG_WARN_INFINITE_RECURSION = YES;
				CLANG_WARN_INT_CONVERSION = YES;
				CLANG_WARN_OBJC_ROOT_CLASS = YES_ERROR;
				CLANG_WARN_SUSPICIOUS_MOVE = YES;
				CLANG_WARN_UNREACHABLE_CODE = YES;
				CLANG_WARN__DUPLICATE_METHOD_MATCH = YES;
				"CODE_SIGN_IDENTITY[sdk=iphoneos*]" = "iPhone Developer";
				COPY_PHASE_STRIP = NO;
				DEBUG_INFORMATION_FORMAT = "dwarf-with-dsym";
				ENABLE_NS_ASSERTIONS = NO;
				ENABLE_STRICT_OBJC_MSGSEND = YES;
				GCC_C_LANGUAGE_STANDARD = gnu99;
				GCC_NO_COMMON_BLOCKS = YES;
				GCC_WARN_64_TO_32_BIT_CONVERSION = YES;
				GCC_WARN_ABOUT_RETURN_TYPE = YES_ERROR;
				GCC_WARN_UNDECLARED_SELECTOR = YES;
				GCC_WARN_UNINITIALIZED_AUTOS = YES_AGGRESSIVE;
				GCC_WARN_UNUSED_FUNCTION = YES;
				GCC_WARN_UNUSED_VARIABLE = YES;
				IPHONEOS_DEPLOYMENT_TARGET = 10.2;
				MTL_ENABLE_DEBUG_INFO = NO;
				SDKROOT = iphoneos;
				SWIFT_OPTIMIZATION_LEVEL = "-Owholemodule";
				TARGETED_DEVICE_FAMILY = "1,2";
				VALIDATE_PRODUCT = YES;
			};
			name = Release;
		};
		92056B8C1E5CED86007C8AD0 /* Debug */ = {
			isa = XCBuildConfiguration;
			baseConfigurationReference = CFD22F30907383F99AF589FD /* Pods-ScrimIT.debug.xcconfig */;
			buildSettings = {
				ASSETCATALOG_COMPILER_APPICON_NAME = AppIcon;
				DEVELOPMENT_TEAM = VDQS4882Z8;
				INFOPLIST_FILE = ScrimIT/Info.plist;
				IPHONEOS_DEPLOYMENT_TARGET = 10.0;
				LD_RUNPATH_SEARCH_PATHS = "$(inherited) @executable_path/Frameworks";
				PRODUCT_BUNDLE_IDENTIFIER = .ScrimIT;
				PRODUCT_NAME = "$(TARGET_NAME)";
				SWIFT_VERSION = 3.0;
				TARGETED_DEVICE_FAMILY = "1,2";
			};
			name = Debug;
		};
		92056B8D1E5CED86007C8AD0 /* Release */ = {
			isa = XCBuildConfiguration;
			baseConfigurationReference = DE5B91F023FFBEF809AE6579 /* Pods-ScrimIT.release.xcconfig */;
			buildSettings = {
				ASSETCATALOG_COMPILER_APPICON_NAME = AppIcon;
				DEVELOPMENT_TEAM = VDQS4882Z8;
				INFOPLIST_FILE = ScrimIT/Info.plist;
				IPHONEOS_DEPLOYMENT_TARGET = 10.0;
				LD_RUNPATH_SEARCH_PATHS = "$(inherited) @executable_path/Frameworks";
				PRODUCT_BUNDLE_IDENTIFIER = .ScrimIT;
				PRODUCT_NAME = "$(TARGET_NAME)";
				SWIFT_VERSION = 3.0;
				TARGETED_DEVICE_FAMILY = "1,2";
			};
			name = Release;
		};
/* End XCBuildConfiguration section */

/* Begin XCConfigurationList section */
		92056B741E5CED86007C8AD0 /* Build configuration list for PBXProject "ScrimIT" */ = {
			isa = XCConfigurationList;
			buildConfigurations = (
				92056B891E5CED86007C8AD0 /* Debug */,
				92056B8A1E5CED86007C8AD0 /* Release */,
			);
			defaultConfigurationIsVisible = 0;
			defaultConfigurationName = Release;
		};
		92056B8B1E5CED86007C8AD0 /* Build configuration list for PBXNativeTarget "ScrimIT" */ = {
			isa = XCConfigurationList;
			buildConfigurations = (
				92056B8C1E5CED86007C8AD0 /* Debug */,
				92056B8D1E5CED86007C8AD0 /* Release */,
			);
			defaultConfigurationIsVisible = 0;
			defaultConfigurationName = Release;
		};
/* End XCConfigurationList section */
	};
	rootObject = 92056B711E5CED86007C8AD0 /* Project object */;
}
